
Microsoft Visual Studio Solution File, Format Version 12.00
# Visual Studio Version 17
VisualStudioVersion = 17.8.34330.188
MinimumVisualStudioVersion = 10.0.40219.1
Project("{FAE04EC0-301F-11D3-BF4B-00C04F79EFBC}") = "Contoso_MVC_8_0_VS2022", "Contoso_MVC_8_0_VS2022.csproj", "{2A13C098-2A71-4511-AD5E-0C38BD34DA0C}"
EndProject
Global
	GlobalSection(SolutionConfigurationPlatforms) = preSolution
		Debug|Any CPU = Debug|Any CPU
		Release|Any CPU = Release|Any CPU
	EndGlobalSection
	GlobalSection(ProjectConfigurationPlatforms) = postSolution
		{2A13C098-2A71-4511-AD5E-0C38BD34DA0C}.Debug|Any CPU.ActiveCfg = Debug|Any CPU
		{2A13C098-2A71-4511-AD5E-0C38BD34DA0C}.Debug|Any CPU.Build.0 = Debug|Any CPU
		{2A13C098-2A71-4511-AD5E-0C38BD34DA0C}.Release|Any CPU.ActiveCfg = Release|Any CPU
		{2A13C098-2A71-4511-AD5E-0C38BD34DA0C}.Release|Any CPU.Build.0 = Release|Any CPU
	EndGlobalSection
	GlobalSection(SolutionProperties) = preSolution
		HideSolutionNode = FALSE
	EndGlobalSection
	GlobalSection(ExtensibilityGlobals) = postSolution
		SolutionGuid = {98FD23CF-7125-4877-84B3-3751BC078B5E}
	EndGlobalSection
EndGlobal
